Microsoft Visual Studio Solution File, Format Version 11.00
# Visual Studio 2008

Project("{01F1A9C7-85D7-F2E1-596C-5842D2ED6B26}") = "Global Game Jam", "Assembly-CSharp.csproj", "{3137E974-ACBE-5581-A5DD-4607AD8F0AF5}"
EndProject
Project("{01F1A9C7-85D7-F2E1-596C-5842D2ED6B26}") = "Global Game Jam", "Assembly-CSharp-Editor.csproj", "{60270A0A-C851-814B-F762-4144BD1123B0}"
EndProject
Global
	GlobalSection(SolutionConfigurationPlatforms) = preSolution
		Debug|Any CPU = Debug|Any CPU
		Release|Any CPU = Release|Any CPU
	EndGlobalSection
	GlobalSection(ProjectConfigurationPlatforms) = postSolution
		{3137E974-ACBE-5581-A5DD-4607AD8F0AF5}.Debug|Any CPU.ActiveCfg = Debug|Any CPU
		{3137E974-ACBE-5581-A5DD-4607AD8F0AF5}.Debug|Any CPU.Build.0 = Debug|Any CPU
		{3137E974-ACBE-5581-A5DD-4607AD8F0AF5}.Release|Any CPU.ActiveCfg = Release|Any CPU
		{3137E974-ACBE-5581-A5DD-4607AD8F0AF5}.Release|Any CPU.Build.0 = Release|Any CPU
		{60270A0A-C851-814B-F762-4144BD1123B0}.Debug|Any CPU.ActiveCfg = Debug|Any CPU
		{60270A0A-C851-814B-F762-4144BD1123B0}.Debug|Any CPU.Build.0 = Debug|Any CPU
		{60270A0A-C851-814B-F762-4144BD1123B0}.Release|Any CPU.ActiveCfg = Release|Any CPU
		{60270A0A-C851-814B-F762-4144BD1123B0}.Release|Any CPU.Build.0 = Release|Any CPU
	EndGlobalSection
	GlobalSection(SolutionProperties) = preSolution
		HideSolutionNode = FALSE
	EndGlobalSection
	GlobalSection(MonoDevelopProperties) = preSolution
		StartupItem = Assembly-CSharp.csproj
	EndGlobalSection
EndGlobal
